Microsoft Visual Studio Solution File, Format Version 12.00
# 17
VisualStudioVersion = 17.11.35017.193
MinimumVisualStudioVersion = 10.0.40219.1
Project("{9A19103F-16F7-4668-BE54-9A1E7A4F7556}") = "StoreListings.CLI", "StoreListings.CLI\StoreListings.CLI.csproj", "{06BF7161-4BF7-4088-AF88-76C42EBDCB93}"
EndProject
Project("{FAE04EC0-301F-11D3-BF4B-00C04F79EFBC}") = "StoreListings.Library", "StoreListings.Library\StoreListings.Library.csproj", "{F7924187-D4BA-4E7A-8BB5-A9A5C81EA399}"
EndProject
Global
	GlobalSection(SolutionConfigurationPlatforms) = preSolution
		Debug|Any CPU = Debug|Any CPU
		Release|Any CPU = Release|Any CPU
	EndGlobalSection
	GlobalSection(ProjectConfigurationPlatforms) = postSolution
		{06BF7161-4BF7-4088-AF88-76C42EBDCB93}.Debug|Any CPU.ActiveCfg = Debug|Any CPU
		{06BF7161-4BF7-4088-AF88-76C42EBDCB93}.Debug|Any CPU.Build.0 = Debug|Any CPU
		{06BF7161-4BF7-4088-AF88-76C42EBDCB93}.Release|Any CPU.ActiveCfg = Release|Any CPU
		{06BF7161-4BF7-4088-AF88-76C42EBDCB93}.Release|Any CPU.Build.0 = Release|Any CPU
		{F7924187-D4BA-4E7A-8BB5-A9A5C81EA399}.Debug|Any CPU.ActiveCfg = Debug|Any CPU
		{F7924187-D4BA-4E7A-8BB5-A9A5C81EA399}.Debug|Any CPU.Build.0 = Debug|Any CPU
		{F7924187-D4BA-4E7A-8BB5-A9A5C81EA399}.Release|Any CPU.ActiveCfg = Release|Any CPU
		{F7924187-D4BA-4E7A-8BB5-A9A5C81EA399}.Release|Any CPU.Build.0 = Release|Any CPU
	EndGlobalSection
	GlobalSection(SolutionProperties) = preSolution
		HideSolutionNode = FALSE
	EndGlobalSection
	GlobalSection(ExtensibilityGlobals) = postSolution
		SolutionGuid = {70C18677-7BB1-4B7A-803C-6ED51EECE7BC}
	EndGlobalSection
EndGlobal
